PODS:
  - RSSelectionMenu (7.1.3)
  - SFSafeSymbols (4.1.1)

DEPENDENCIES:
  - RSSelectionMenu
  - SFSafeSymbols

SPEC REPOS:
  trunk:
    - RSSelectionMenu
    - SFSafeSymbols

SPEC CHECKSUMS:
  RSSelectionMenu: 873d62ebbaef138519f6cf3f073412c2b5d94c2c
  SFSafeSymbols: 902576dbf8ea16b4c6152cef2a26e47b3f55defb

PODFILE CHECKSUM: c520726319515c15dd9813dae8d29db088a78631

COCOAPODS: 1.12.1
